// !$*UTF8*$!
{
	archiveVersion = 1;
	classes = {
	};
	objectVersion = 50;
	objects = {

/* Begin PBXBuildFile section */
		2B73040F2135A4510022E64D /* SeondViewController.swift in Sources */ = {isa = PBXBuildFile; fileRef = 2B73040E2135A4510022E64D /* SeondViewController.swift */; };
		2B73041421367BDE0022E64D /* SecondTableViewCell.swift in Sources */ = {isa = PBXBuildFile; fileRef = 2B73041221367BDE0022E64D /* SecondTableViewCell.swift */; };
		2B73041521367BDE0022E64D /* SecondTableViewCell.xib in Resources */ = {isa = PBXBuildFile; fileRef = 2B73041321367BDE0022E64D /* SecondTableViewCell.xib */; };
		2B7304192136BA460022E64D /* husen.png in Resources */ = {isa = PBXBuildFile; fileRef = 2B7304182136BA460022E64D /* husen.png */; };
		2B73041B2136C2660022E64D /* SecondTask.swift in Sources */ = {isa = PBXBuildFile; fileRef = 2B73041A2136C2660022E64D /* SecondTask.swift */; };
		2B73041D2136EA930022E64D /* bubbletransition.swift in Sources */ = {isa = PBXBuildFile; fileRef = 2B73041C2136EA930022E64D /* bubbletransition.swift */; };
		2B73041F213702DE0022E64D /* LevelViewController.swift in Sources */ = {isa = PBXBuildFile; fileRef = 2B73041E213702DE0022E64D /* LevelViewController.swift */; };
		2B730422213707BA0022E64D /* CheckTableViewCell.swift in Sources */ = {isa = PBXBuildFile; fileRef = 2B730420213707BA0022E64D /* CheckTableViewCell.swift */; };
		2B730423213707BA0022E64D /* CheckTableViewCell.xib in Resources */ = {isa = PBXBuildFile; fileRef = 2B730421213707BA0022E64D /* CheckTableViewCell.xib */; };
		2B7304252137AAA80022E64D /* KH-Dot-Kodenmachou-16.ttf in Resources */ = {isa = PBXBuildFile; fileRef = 2B7304242137AAA80022E64D /* KH-Dot-Kodenmachou-16.ttf */; };
		2B730427213801850022E64D /* peddingLabel.swift in Sources */ = {isa = PBXBuildFile; fileRef = 2B730426213801850022E64D /* peddingLabel.swift */; };
		2B730429213809CC0022E64D /* trashBox.png in Resources */ = {isa = PBXBuildFile; fileRef = 2B730428213809CC0022E64D /* trashBox.png */; };
		2B73042B21380B7C0022E64D /* imageResize.swift in Sources */ = {isa = PBXBuildFile; fileRef = 2B73042A21380B7C0022E64D /* imageResize.swift */; };
		2B73042D213810FC0022E64D /* check.png in Resources */ = {isa = PBXBuildFile; fileRef = 2B73042C213810FB0022E64D /* check.png */; };
		2B73042F213813570022E64D /* redtrashBox.png in Resources */ = {isa = PBXBuildFile; fileRef = 2B73042E213813560022E64D /* redtrashBox.png */; };
		2BEC6EF82127377C002A0D35 /* AppDelegate.swift in Sources */ = {isa = PBXBuildFile; fileRef = 2BEC6EF72127377C002A0D35 /* AppDelegate.swift */; };
		2BEC6EFA2127377C002A0D35 /* ViewController.swift in Sources */ = {isa = PBXBuildFile; fileRef = 2BEC6EF92127377C002A0D35 /* ViewController.swift */; };
		2BEC6EFD2127377C002A0D35 /* Main.storyboard in Resources */ = {isa = PBXBuildFile; fileRef = 2BEC6EFB2127377C002A0D35 /* Main.storyboard */; };
		2BEC6EFF2127377D002A0D35 /* Assets.xcassets in Resources */ = {isa = PBXBuildFile; fileRef = 2BEC6EFE2127377D002A0D35 /* Assets.xcassets */; };
		2BEC6F022127377D002A0D35 /* LaunchScreen.storyboard in Resources */ = {isa = PBXBuildFile; fileRef = 2BEC6F002127377D002A0D35 /* LaunchScreen.storyboard */; };
		2BEC6F0B2127487B002A0D35 /* tableviewDrangSort.swift in Sources */ = {isa = PBXBuildFile; fileRef = 2BEC6F0A2127487B002A0D35 /* tableviewDrangSort.swift */; };
		2BEC6F0E2127B80B002A0D35 /* Task.swift in Sources */ = {isa = PBXBuildFile; fileRef = 2BEC6F0D2127B80B002A0D35 /* Task.swift */; };
		2BEC6F122127BC08002A0D35 /* TaskTableViewCell.swift in Sources */ = {isa = PBXBuildFile; fileRef = 2BEC6F102127BC08002A0D35 /* TaskTableViewCell.swift */; };
		2BEC6F132127BC08002A0D35 /* TaskTableViewCell.xib in Resources */ = {isa = PBXBuildFile; fileRef = 2BEC6F112127BC08002A0D35 /* TaskTableViewCell.xib */; };
		2BEC6F15212AAFDA002A0D35 /* TableviewHeader0.swift in Sources */ = {isa = PBXBuildFile; fileRef = 2BEC6F14212AAFDA002A0D35 /* TableviewHeader0.swift */; };
		2BEC6F17212AB59E002A0D35 /* komorebi-gothic-P.ttf in Resources */ = {isa = PBXBuildFile; fileRef = 2BEC6F16212AB59E002A0D35 /* komorebi-gothic-P.ttf */; };
		6AE13F47A67C804FA6185345 /* Pods_Book_of_my_own_adventure.framework in Frameworks */ = {isa = PBXBuildFile; fileRef = 6DD231AB67AED67C2EA2ED11 /* Pods_Book_of_my_own_adventure.framework */; };
/* End PBXBuildFile section */

/* Begin PBXFileReference section */
		2B73040E2135A4510022E64D /* SeondViewController.swift */ = {isa = PBXFileReference; lastKnownFileType = sourcecode.swift; path = SeondViewController.swift; sourceTree = "<group>"; };
		2B73041221367BDE0022E64D /* SecondTableViewCell.swift */ = {isa = PBXFileReference; lastKnownFileType = sourcecode.swift; path = SecondTableViewCell.swift; sourceTree = "<group>"; };
		2B73041321367BDE0022E64D /* SecondTableViewCell.xib */ = {isa = PBXFileReference; lastKnownFileType = file.xib; path = SecondTableViewCell.xib; sourceTree = "<group>"; };
		2B7304182136BA460022E64D /* husen.png */ = {isa = PBXFileReference; lastKnownFileType = image.png; name = husen.png; path = ../../../../../Downloads/husen.png; sourceTree = "<group>"; };
		2B73041A2136C2660022E64D /* SecondTask.swift */ = {isa = PBXFileReference; lastKnownFileType = sourcecode.swift; path = SecondTask.swift; sourceTree = "<group>"; };
		2B73041C2136EA930022E64D /* bubbletransition.swift */ = {isa = PBXFileReference; lastKnownFileType = sourcecode.swift; path = bubbletransition.swift; sourceTree = "<group>"; };
		2B73041E213702DE0022E64D /* LevelViewController.swift */ = {isa = PBXFileReference; lastKnownFileType = sourcecode.swift; path = LevelViewController.swift; sourceTree = "<group>"; };
		2B730420213707BA0022E64D /* CheckTableViewCell.swift */ = {isa = PBXFileReference; lastKnownFileType = sourcecode.swift; path = CheckTableViewCell.swift; sourceTree = "<group>"; };
		2B730421213707BA0022E64D /* CheckTableViewCell.xib */ = {isa = PBXFileReference; lastKnownFileType = file.xib; path = CheckTableViewCell.xib; sourceTree = "<group>"; };
		2B7304242137AAA80022E64D /* KH-Dot-Kodenmachou-16.ttf */ = {isa = PBXFileReference; lastKnownFileType = file; path = "KH-Dot-Kodenmachou-16.ttf"; sourceTree = "<group>"; };
		2B730426213801850022E64D /* peddingLabel.swift */ = {isa = PBXFileReference; lastKnownFileType = sourcecode.swift; path = peddingLabel.swift; sourceTree = "<group>"; };
		2B730428213809CC0022E64D /* trashBox.png */ = {isa = PBXFileReference; lastKnownFileType = image.png; path = trashBox.png; sourceTree = "<group>"; };
		2B73042A21380B7C0022E64D /* imageResize.swift */ = {isa = PBXFileReference; lastKnownFileType = sourcecode.swift; path = imageResize.swift; sourceTree = "<group>"; };
		2B73042C213810FB0022E64D /* check.png */ = {isa = PBXFileReference; lastKnownFileType = image.png; path = check.png; sourceTree = "<group>"; };
		2B73042E213813560022E64D /* redtrashBox.png */ = {isa = PBXFileReference; lastKnownFileType = image.png; path = redtrashBox.png; sourceTree = "<group>"; };
		2BEC6EF42127377C002A0D35 /* Book of my own adventure.app */ = {isa = PBXFileReference; explicitFileType = wrapper.application; includeInIndex = 0; path = "Book of my own adventure.app"; sourceTree = BUILT_PRODUCTS_DIR; };
		2BEC6EF72127377C002A0D35 /* AppDelegate.swift */ = {isa = PBXFileReference; lastKnownFileType = sourcecode.swift; path = AppDelegate.swift; sourceTree = "<group>"; };
		2BEC6EF92127377C002A0D35 /* ViewController.swift */ = {isa = PBXFileReference; lastKnownFileType = sourcecode.swift; path = ViewController.swift; sourceTree = "<group>"; };
		2BEC6EFC2127377C002A0D35 /* Base */ = {isa = PBXFileReference; lastKnownFileType = file.storyboard; name = Base; path = Base.lproj/Main.storyboard; sourceTree = "<group>"; };
		2BEC6EFE2127377D002A0D35 /* Assets.xcassets */ = {isa = PBXFileReference; lastKnownFileType = folder.assetcatalog; path = Assets.xcassets; sourceTree = "<group>"; };
		2BEC6F012127377D002A0D35 /* Base */ = {isa = PBXFileReference; lastKnownFileType = file.storyboard; name = Base; path = Base.lproj/LaunchScreen.storyboard; sourceTree = "<group>"; };
		2BEC6F032127377D002A0D35 /* Info.plist */ = {isa = PBXFileReference; lastKnownFileType = text.plist.xml; path = Info.plist; sourceTree = "<group>"; };
		2BEC6F0A2127487B002A0D35 /* tableviewDrangSort.swift */ = {isa = PBXFileReference; lastKnownFileType = sourcecode.swift; path = tableviewDrangSort.swift; sourceTree = "<group>"; };
		2BEC6F0D2127B80B002A0D35 /* Task.swift */ = {isa = PBXFileReference; lastKnownFileType = sourcecode.swift; path = Task.swift; sourceTree = "<group>"; };
		2BEC6F102127BC08002A0D35 /* TaskTableViewCell.swift */ = {isa = PBXFileReference; lastKnownFileType = sourcecode.swift; path = TaskTableViewCell.swift; sourceTree = "<group>"; };
		2BEC6F112127BC08002A0D35 /* TaskTableViewCell.xib */ = {isa = PBXFileReference; lastKnownFileType = file.xib; path = TaskTableViewCell.xib; sourceTree = "<group>"; };
		2BEC6F14212AAFDA002A0D35 /* TableviewHeader0.swift */ = {isa = PBXFileReference; lastKnownFileType = sourcecode.swift; path = TableviewHeader0.swift; sourceTree = "<group>"; };
		2BEC6F16212AB59E002A0D35 /* komorebi-gothic-P.ttf */ = {isa = PBXFileReference; lastKnownFileType = file; path = "komorebi-gothic-P.ttf"; sourceTree = "<group>"; };
		6DD231AB67AED67C2EA2ED11 /* Pods_Book_of_my_own_adventure.framework */ = {isa = PBXFileReference; explicitFileType = wrapper.framework; includeInIndex = 0; path = Pods_Book_of_my_own_adventure.framework; sourceTree = BUILT_PRODUCTS_DIR; };
		BC791C5F27406C07F9A9CACA /* Pods-Book of my own adventure.debug.xcconfig */ = {isa = PBXFileReference; includeInIndex = 1; lastKnownFileType = text.xcconfig; name = "Pods-Book of my own adventure.debug.xcconfig"; path = "Pods/Target Support Files/Pods-Book of my own adventure/Pods-Book of my own adventure.debug.xcconfig"; sourceTree = "<group>"; };
		D71EB3A7A97E1AFCCBA95A21 /* Pods-Book of my own adventure.release.xcconfig */ = {isa = PBXFileReference; includeInIndex = 1; lastKnownFileType = text.xcconfig; name = "Pods-Book of my own adventure.release.xcconfig"; path = "Pods/Target Support Files/Pods-Book of my own adventure/Pods-Book of my own adventure.release.xcconfig"; sourceTree = "<group>"; };
/* End PBXFileReference section */

/* Begin PBXFrameworksBuildPhase section */
		2BEC6EF12127377C002A0D35 /* Frameworks */ = {
			isa = PBXFrameworksBuildPhase;
			buildActionMask = 2147483647;
			files = (
				6AE13F47A67C804FA6185345 /* Pods_Book_of_my_own_adventure.framework in Frameworks */,
			);
			runOnlyForDeploymentPostprocessing = 0;
		};
/* End PBXFrameworksBuildPhase section */

/* Begin PBXGroup section */
		282DA51BF430178402391182 /* Frameworks */ = {
			isa = PBXGroup;
			children = (
				6DD231AB67AED67C2EA2ED11 /* Pods_Book_of_my_own_adventure.framework */,
			);
			name = Frameworks;
			sourceTree = "<group>";
		};
		2BEC6EEB2127377C002A0D35 = {
			isa = PBXGroup;
			children = (
				2BEC6EF62127377C002A0D35 /* Book of my own adventure */,
				2BEC6EF52127377C002A0D35 /* Products */,
				9493F4724F906D46815ECF58 /* Pods */,
				282DA51BF430178402391182 /* Frameworks */,
			);
			sourceTree = "<group>";
		};
		2BEC6EF52127377C002A0D35 /* Products */ = {
			isa = PBXGroup;
			children = (
				2BEC6EF42127377C002A0D35 /* Book of my own adventure.app */,
			);
			name = Products;
			sourceTree = "<group>";
		};
		2BEC6EF62127377C002A0D35 /* Book of my own adventure */ = {
			isa = PBXGroup;
			children = (
				2BEC6F0F2127BBE4002A0D35 /* CustomUI */,
				2BEC6F0C2127B7F5002A0D35 /* DataBase */,
				2BEC6F0921274840002A0D35 /* Extention */,
				2BEC6EF72127377C002A0D35 /* AppDelegate.swift */,
				2BEC6EF92127377C002A0D35 /* ViewController.swift */,
				2BEC6EFB2127377C002A0D35 /* Main.storyboard */,
				2BEC6EFE2127377D002A0D35 /* Assets.xcassets */,
				2BEC6F002127377D002A0D35 /* LaunchScreen.storyboard */,
				2BEC6F032127377D002A0D35 /* Info.plist */,
				2BEC6F16212AB59E002A0D35 /* komorebi-gothic-P.ttf */,
				2B73040E2135A4510022E64D /* SeondViewController.swift */,
				2B7304182136BA460022E64D /* husen.png */,
				2B7304242137AAA80022E64D /* KH-Dot-Kodenmachou-16.ttf */,
				2B73042E213813560022E64D /* redtrashBox.png */,
				2B730428213809CC0022E64D /* trashBox.png */,
				2B73042C213810FB0022E64D /* check.png */,
				2B73041E213702DE0022E64D /* LevelViewController.swift */,
			);
			path = "Book of my own adventure";
			sourceTree = "<group>";
		};
		2BEC6F0921274840002A0D35 /* Extention */ = {
			isa = PBXGroup;
			children = (
				2BEC6F0A2127487B002A0D35 /* tableviewDrangSort.swift */,
				2B73041C2136EA930022E64D /* bubbletransition.swift */,
				2BEC6F14212AAFDA002A0D35 /* TableviewHeader0.swift */,
				2B73042A21380B7C0022E64D /* imageResize.swift */,
			);
			path = Extention;
			sourceTree = "<group>";
		};
		2BEC6F0C2127B7F5002A0D35 /* DataBase */ = {
			isa = PBXGroup;
			children = (
				2BEC6F0D2127B80B002A0D35 /* Task.swift */,
				2B73041A2136C2660022E64D /* SecondTask.swift */,
			);
			path = DataBase;
			sourceTree = "<group>";
		};
		2BEC6F0F2127BBE4002A0D35 /* CustomUI */ = {
			isa = PBXGroup;
			children = (
				2BEC6F102127BC08002A0D35 /* TaskTableViewCell.swift */,
				2BEC6F112127BC08002A0D35 /* TaskTableViewCell.xib */,
				2B73041221367BDE0022E64D /* SecondTableViewCell.swift */,
				2B73041321367BDE0022E64D /* SecondTableViewCell.xib */,
				2B730420213707BA0022E64D /* CheckTableViewCell.swift */,
				2B730421213707BA0022E64D /* CheckTableViewCell.xib */,
				2B730426213801850022E64D /* peddingLabel.swift */,
			);
			path = CustomUI;
			sourceTree = "<group>";
		};
		9493F4724F906D46815ECF58 /* Pods */ = {
			isa = PBXGroup;
			children = (
				BC791C5F27406C07F9A9CACA /* Pods-Book of my own adventure.debug.xcconfig */,
				D71EB3A7A97E1AFCCBA95A21 /* Pods-Book of my own adventure.release.xcconfig */,
			);
			name = Pods;
			sourceTree = "<group>";
		};
/* End PBXGroup section */

/* Begin PBXNativeTarget section */
		2BEC6EF32127377C002A0D35 /* Book of my own adventure */ = {
			isa = PBXNativeTarget;
			buildConfigurationList = 2BEC6F062127377D002A0D35 /* Build configuration list for PBXNativeTarget "Book of my own adventure" */;
			buildPhases = (
				0C627728A622212829D083CB /* [CP] Check Pods Manifest.lock */,
				2BEC6EF02127377C002A0D35 /* Sources */,
				2BEC6EF12127377C002A0D35 /* Frameworks */,
				2BEC6EF22127377C002A0D35 /* Resources */,
				F28E1045FA991C685D32C8D7 /* [CP] Embed Pods Frameworks */,
			);
			buildRules = (
			);
			dependencies = (
			);
			name = "Book of my own adventure";
			productName = "Book of my own adventure";
			productReference = 2BEC6EF42127377C002A0D35 /* Book of my own adventure.app */;
			productType = "com.apple.product-type.application";
		};
/* End PBXNativeTarget section */

/* Begin PBXProject section */
		2BEC6EEC2127377C002A0D35 /* Project object */ = {
			isa = PBXProject;
			attributes = {
				LastSwiftUpdateCheck = 0940;
				LastUpgradeCheck = 0940;
				ORGANIZATIONNAME = "小嶋暸太";
				TargetAttributes = {
					2BEC6EF32127377C002A0D35 = {
						CreatedOnToolsVersion = 9.4.1;
					};
				};
			};
			buildConfigurationList = 2BEC6EEF2127377C002A0D35 /* Build configuration list for PBXProject "Book of my own adventure" */;
			compatibilityVersion = "Xcode 9.3";
			developmentRegion = en;
			hasScannedForEncodings = 0;
			knownRegions = (
				en,
				Base,
			);
			mainGroup = 2BEC6EEB2127377C002A0D35;
			productRefGroup = 2BEC6EF52127377C002A0D35 /* Products */;
			projectDirPath = "";
			projectRoot = "";
			targets = (
				2BEC6EF32127377C002A0D35 /* Book of my own adventure */,
			);
		};
/* End PBXProject section */

/* Begin PBXResourcesBuildPhase section */
		2BEC6EF22127377C002A0D35 /* Resources */ = {
			isa = PBXResourcesBuildPhase;
			buildActionMask = 2147483647;
			files = (
				2B7304252137AAA80022E64D /* KH-Dot-Kodenmachou-16.ttf in Resources */,
				2B730423213707BA0022E64D /* CheckTableViewCell.xib in Resources */,
				2BEC6F132127BC08002A0D35 /* TaskTableViewCell.xib in Resources */,
				2B73041521367BDE0022E64D /* SecondTableViewCell.xib in Resources */,
				2B73042F213813570022E64D /* redtrashBox.png in Resources */,
				2B73042D213810FC0022E64D /* check.png in Resources */,
				2B7304192136BA460022E64D /* husen.png in Resources */,
				2BEC6F022127377D002A0D35 /* LaunchScreen.storyboard in Resources */,
				2B730429213809CC0022E64D /* trashBox.png in Resources */,
				2BEC6EFF2127377D002A0D35 /* Assets.xcassets in Resources */,
				2BEC6EFD2127377C002A0D35 /* Main.storyboard in Resources */,
				2BEC6F17212AB59E002A0D35 /* komorebi-gothic-P.ttf in Resources */,
			);
			runOnlyForDeploymentPostprocessing = 0;
		};
/* End PBXResourcesBuildPhase section */

/* Begin PBXShellScriptBuildPhase section */
		0C627728A622212829D083CB /* [CP] Check Pods Manifest.lock */ = {
			isa = PBXShellScriptBuildPhase;
			buildActionMask = 2147483647;
			files = (
			);
			inputPaths = (
				"${PODS_PODFILE_DIR_PATH}/Podfile.lock",
				"${PODS_ROOT}/Manifest.lock",
			);
			name = "[CP] Check Pods Manifest.lock";
			outputPaths = (
				"$(DERIVED_FILE_DIR)/Pods-Book of my own adventure-checkManifestLockResult.txt",
			);
			runOnlyForDeploymentPostprocessing = 0;
			shellPath = /bin/sh;
			shellScript = "diff \"${PODS_PODFILE_DIR_PATH}/Podfile.lock\" \"${PODS_ROOT}/Manifest.lock\" > /dev/null\nif [ $? != 0 ] ; then\n    # print error to STDERR\n    echo \"error: The sandbox is not in sync with the Podfile.lock. Run 'pod install' or update your CocoaPods installation.\" >&2\n    exit 1\nfi\n# This output is used by Xcode 'outputs' to avoid re-running this script phase.\necho \"SUCCESS\" > \"${SCRIPT_OUTPUT_FILE_0}\"\n";
			showEnvVarsInLog = 0;
		};
		F28E1045FA991C685D32C8D7 /* [CP] Embed Pods Frameworks */ = {
			isa = PBXShellScriptBuildPhase;
			buildActionMask = 2147483647;
			files = (
			);
			inputPaths = (
				"${SRCROOT}/Pods/Target Support Files/Pods-Book of my own adventure/Pods-Book of my own adventure-frameworks.sh",
				"${BUILT_PRODUCTS_DIR}/BubbleTransition/BubbleTransition.framework",
				"${BUILT_PRODUCTS_DIR}/LTMorphingLabel/LTMorphingLabel.framework",
				"${BUILT_PRODUCTS_DIR}/MCSwipeTableViewCell/MCSwipeTableViewCell.framework",
				"${BUILT_PRODUCTS_DIR}/Realm/Realm.framework",
				"${BUILT_PRODUCTS_DIR}/RealmSwift/RealmSwift.framework",
				"${BUILT_PRODUCTS_DIR}/SwiftReorder/SwiftReorder.framework",
			);
			name = "[CP] Embed Pods Frameworks";
			outputPaths = (
				"${TARGET_BUILD_DIR}/${FRAMEWORKS_FOLDER_PATH}/BubbleTransition.framework",
				"${TARGET_BUILD_DIR}/${FRAMEWORKS_FOLDER_PATH}/LTMorphingLabel.framework",
				"${TARGET_BUILD_DIR}/${FRAMEWORKS_FOLDER_PATH}/MCSwipeTableViewCell.framework",
				"${TARGET_BUILD_DIR}/${FRAMEWORKS_FOLDER_PATH}/Realm.framework",
				"${TARGET_BUILD_DIR}/${FRAMEWORKS_FOLDER_PATH}/RealmSwift.framework",
				"${TARGET_BUILD_DIR}/${FRAMEWORKS_FOLDER_PATH}/SwiftReorder.framework",
			);
			runOnlyForDeploymentPostprocessing = 0;
			shellPath = /bin/sh;
			shellScript = "\"${SRCROOT}/Pods/Target Support Files/Pods-Book of my own adventure/Pods-Book of my own adventure-frameworks.sh\"\n";
			showEnvVarsInLog = 0;
		};
/* End PBXShellScriptBuildPhase section */

/* Begin PBXSourcesBuildPhase section */
		2BEC6EF02127377C002A0D35 /* Sources */ = {
			isa = PBXSourcesBuildPhase;
			buildActionMask = 2147483647;
			files = (
				2B730422213707BA0022E64D /* CheckTableViewCell.swift in Sources */,
				2B73041F213702DE0022E64D /* LevelViewController.swift in Sources */,
				2B73041B2136C2660022E64D /* SecondTask.swift in Sources */,
				2B73042B21380B7C0022E64D /* imageResize.swift in Sources */,
				2BEC6F0E2127B80B002A0D35 /* Task.swift in Sources */,
				2BEC6F15212AAFDA002A0D35 /* TableviewHeader0.swift in Sources */,
				2B730427213801850022E64D /* peddingLabel.swift in Sources */,
				2B73040F2135A4510022E64D /* SeondViewController.swift in Sources */,
				2B73041421367BDE0022E64D /* SecondTableViewCell.swift in Sources */,
				2BEC6F0B2127487B002A0D35 /* tableviewDrangSort.swift in Sources */,
				2B73041D2136EA930022E64D /* bubbletransition.swift in Sources */,
				2BEC6F122127BC08002A0D35 /* TaskTableViewCell.swift in Sources */,
				2BEC6EFA2127377C002A0D35 /* ViewController.swift in Sources */,
				2BEC6EF82127377C002A0D35 /* AppDelegate.swift in Sources */,
			);
			runOnlyForDeploymentPostprocessing = 0;
		};
/* End PBXSourcesBuildPhase section */

/* Begin PBXVariantGroup section */
		2BEC6EFB2127377C002A0D35 /* Main.storyboard */ = {
			isa = PBXVariantGroup;
			children = (
				2BEC6EFC2127377C002A0D35 /* Base */,
			);
			name = Main.storyboard;
			sourceTree = "<group>";
		};
		2BEC6F002127377D002A0D35 /* LaunchScreen.storyboard */ = {
			isa = PBXVariantGroup;
			children = (
				2BEC6F012127377D002A0D35 /* Base */,
			);
			name = LaunchScreen.storyboard;
			sourceTree = "<group>";
		};
/* End PBXVariantGroup section */

/* Begin XCBuildConfiguration section */
		2BEC6F042127377D002A0D35 /* Debug */ = {
			isa = XCBuildConfiguration;
			buildSettings = {
				ALWAYS_SEARCH_USER_PATHS = NO;
				CLANG_ANALYZER_NONNULL = YES;
				CLANG_ANALYZER_NUMBER_OBJECT_CONVERSION = YES_AGGRESSIVE;
				CLANG_CXX_LANGUAGE_STANDARD = "gnu++14";
				CLANG_CXX_LIBRARY = "libc++";
				CLANG_ENABLE_MODULES = YES;
				CLANG_ENABLE_OBJC_ARC = YES;
				CLANG_ENABLE_OBJC_WEAK = YES;
				CLANG_WARN_BLOCK_CAPTURE_AUTORELEASING = YES;
				CLANG_WARN_BOOL_CONVERSION = YES;
				CLANG_WARN_COMMA = YES;
				CLANG_WARN_CONSTANT_CONVERSION = YES;
				CLANG_WARN_DEPRECATED_OBJC_IMPLEMENTATIONS = YES;
				CLANG_WARN_DIRECT_OBJC_ISA_USAGE = YES_ERROR;
				CLANG_WARN_DOCUMENTATION_COMMENTS = YES;
				CLANG_WARN_EMPTY_BODY = YES;
				CLANG_WARN_ENUM_CONVERSION = YES;
				CLANG_WARN_INFINITE_RECURSION = YES;
				CLANG_WARN_INT_CONVERSION = YES;
				CLANG_WARN_NON_LITERAL_NULL_CONVERSION = YES;
				CLANG_WARN_OBJC_IMPLICIT_RETAIN_SELF = YES;
				CLANG_WARN_OBJC_LITERAL_CONVERSION = YES;
				CLANG_WARN_OBJC_ROOT_CLASS = YES_ERROR;
				CLANG_WARN_RANGE_LOOP_ANALYSIS = YES;
				CLANG_WARN_STRICT_PROTOTYPES = YES;
				CLANG_WARN_SUSPICIOUS_MOVE = YES;
				CLANG_WARN_UNGUARDED_AVAILABILITY = YES_AGGRESSIVE;
				CLANG_WARN_UNREACHABLE_CODE = YES;
				CLANG_WARN__DUPLICATE_METHOD_MATCH = YES;
				CODE_SIGN_IDENTITY = "iPhone Developer";
				COPY_PHASE_STRIP = NO;
				DEBUG_INFORMATION_FORMAT = dwarf;
				ENABLE_STRICT_OBJC_MSGSEND = YES;
				ENABLE_TESTABILITY = YES;
				GCC_C_LANGUAGE_STANDARD = gnu11;
				GCC_DYNAMIC_NO_PIC = NO;
				GCC_NO_COMMON_BLOCKS = YES;
				GCC_OPTIMIZATION_LEVEL = 0;
				GCC_PREPROCESSOR_DEFINITIONS = (
					"DEBUG=1",
					"$(inherited)",
				);
				GCC_WARN_64_TO_32_BIT_CONVERSION = YES;
				GCC_WARN_ABOUT_RETURN_TYPE = YES_ERROR;
				GCC_WARN_UNDECLARED_SELECTOR = YES;
				GCC_WARN_UNINITIALIZED_AUTOS = YES_AGGRESSIVE;
				GCC_WARN_UNUSED_FUNCTION = YES;
				GCC_WARN_UNUSED_VARIABLE = YES;
				IPHONEOS_DEPLOYMENT_TARGET = 11.4;
				MTL_ENABLE_DEBUG_INFO = YES;
				ONLY_ACTIVE_ARCH = YES;
				SDKROOT = iphoneos;
				SWIFT_ACTIVE_COMPILATION_CONDITIONS = DEBUG;
				SWIFT_OPTIMIZATION_LEVEL = "-Onone";
			};
			name = Debug;
		};
		2BEC6F052127377D002A0D35 /* Release */ = {
			isa = XCBuildConfiguration;
			buildSettings = {
				ALWAYS_SEARCH_USER_PATHS = NO;
				CLANG_ANALYZER_NONNULL = YES;
				CLANG_ANALYZER_NUMBER_OBJECT_CONVERSION = YES_AGGRESSIVE;
				CLANG_CXX_LANGUAGE_STANDARD = "gnu++14";
				CLANG_CXX_LIBRARY = "libc++";
				CLANG_ENABLE_MODULES = YES;
				CLANG_ENABLE_OBJC_ARC = YES;
				CLANG_ENABLE_OBJC_WEAK = YES;
				CLANG_WARN_BLOCK_CAPTURE_AUTORELEASING = YES;
				CLANG_WARN_BOOL_CONVERSION = YES;
				CLANG_WARN_COMMA = YES;
				CLANG_WARN_CONSTANT_CONVERSION = YES;
				CLANG_WARN_DEPRECATED_OBJC_IMPLEMENTATIONS = YES;
				CLANG_WARN_DIRECT_OBJC_ISA_USAGE = YES_ERROR;
				CLANG_WARN_DOCUMENTATION_COMMENTS = YES;
				CLANG_WARN_EMPTY_BODY = YES;
				CLANG_WARN_ENUM_CONVERSION = YES;
				CLANG_WARN_INFINITE_RECURSION = YES;
				CLANG_WARN_INT_CONVERSION = YES;
				CLANG_WARN_NON_LITERAL_NULL_CONVERSION = YES;
				CLANG_WARN_OBJC_IMPLICIT_RETAIN_SELF = YES;
				CLANG_WARN_OBJC_LITERAL_CONVERSION = YES;
				CLANG_WARN_OBJC_ROOT_CLASS = YES_ERROR;
				CLANG_WARN_RANGE_LOOP_ANALYSIS = YES;
				CLANG_WARN_STRICT_PROTOTYPES = YES;
				CLANG_WARN_SUSPICIOUS_MOVE = YES;
				CLANG_WARN_UNGUARDED_AVAILABILITY = YES_AGGRESSIVE;
				CLANG_WARN_UNREACHABLE_CODE = YES;
				CLANG_WARN__DUPLICATE_METHOD_MATCH = YES;
				CODE_SIGN_IDENTITY = "iPhone Developer";
				COPY_PHASE_STRIP = NO;
				DEBUG_INFORMATION_FORMAT = "dwarf-with-dsym";
				ENABLE_NS_ASSERTIONS = NO;
				ENABLE_STRICT_OBJC_MSGSEND = YES;
				GCC_C_LANGUAGE_STANDARD = gnu11;
				GCC_NO_COMMON_BLOCKS = YES;
				GCC_WARN_64_TO_32_BIT_CONVERSION = YES;
				GCC_WARN_ABOUT_RETURN_TYPE = YES_ERROR;
				GCC_WARN_UNDECLARED_SELECTOR = YES;
				GCC_WARN_UNINITIALIZED_AUTOS = YES_AGGRESSIVE;
				GCC_WARN_UNUSED_FUNCTION = YES;
				GCC_WARN_UNUSED_VARIABLE = YES;
				IPHONEOS_DEPLOYMENT_TARGET = 11.4;
				MTL_ENABLE_DEBUG_INFO = NO;
				SDKROOT = iphoneos;
				SWIFT_COMPILATION_MODE = wholemodule;
				SWIFT_OPTIMIZATION_LEVEL = "-O";
				VALIDATE_PRODUCT = YES;
			};
			name = Release;
		};
		2BEC6F072127377D002A0D35 /* Debug */ = {
			isa = XCBuildConfiguration;
			baseConfigurationReference = BC791C5F27406C07F9A9CACA /* Pods-Book of my own adventure.debug.xcconfig */;
			buildSettings = {
				ASSETCATALOG_COMPILER_APPICON_NAME = AppIcon;
				CODE_SIGN_STYLE = Automatic;
				DEVELOPMENT_TEAM = 3V4442H577;
				INFOPLIST_FILE = "Book of my own adventure/Info.plist";
				LD_RUNPATH_SEARCH_PATHS = (
					"$(inherited)",
					"@executable_path/Frameworks",
				);
				PRODUCT_BUNDLE_IDENTIFIER = "jp.techacademy.ryota.kojima.Book-of-my-own-adventure";
				PRODUCT_NAME = "$(TARGET_NAME)";
				SWIFT_VERSION = 4.0;
				TARGETED_DEVICE_FAMILY = "1,2";
			};
			name = Debug;
		};
		2BEC6F082127377D002A0D35 /* Release */ = {
			isa = XCBuildConfiguration;
			baseConfigurationReference = D71EB3A7A97E1AFCCBA95A21 /* Pods-Book of my own adventure.release.xcconfig */;
			buildSettings = {
				ASSETCATALOG_COMPILER_APPICON_NAME = AppIcon;
				CODE_SIGN_STYLE = Automatic;
				DEVELOPMENT_TEAM = 3V4442H577;
				INFOPLIST_FILE = "Book of my own adventure/Info.plist";
				LD_RUNPATH_SEARCH_PATHS = (
					"$(inherited)",
					"@executable_path/Frameworks",
				);
				PRODUCT_BUNDLE_IDENTIFIER = "jp.techacademy.ryota.kojima.Book-of-my-own-adventure";
				PRODUCT_NAME = "$(TARGET_NAME)";
				SWIFT_VERSION = 4.0;
				TARGETED_DEVICE_FAMILY = "1,2";
			};
			name = Release;
		};
/* End XCBuildConfiguration section */

/* Begin XCConfigurationList section */
		2BEC6EEF2127377C002A0D35 /* Build configuration list for PBXProject "Book of my own adventure" */ = {
			isa = XCConfigurationList;
			buildConfigurations = (
				2BEC6F042127377D002A0D35 /* Debug */,
				2BEC6F052127377D002A0D35 /* Release */,
			);
			defaultConfigurationIsVisible = 0;
			defaultConfigurationName = Release;
		};
		2BEC6F062127377D002A0D35 /* Build configuration list for PBXNativeTarget "Book of my own adventure" */ = {
			isa = XCConfigurationList;
			buildConfigurations = (
				2BEC6F072127377D002A0D35 /* Debug */,
				2BEC6F082127377D002A0D35 /* Release */,
			);
			defaultConfigurationIsVisible = 0;
			defaultConfigurationName = Release;
		};
/* End XCConfigurationList section */
	};
	rootObject = 2BEC6EEC2127377C002A0D35 /* Project object */;
}
